
Microsoft Visual Studio Solution File, Format Version 12.00
# Visual Studio Version 16
VisualStudioVersion = 16.0.32126.315
MinimumVisualStudioVersion = 10.0.40219.1
Project("{FAE04EC0-301F-11D3-BF4B-00C04F79EFBC}") = "Interface_Cartapio", "Interface_Cartapio.csproj", "{096BFEF2-FA16-4A4B-A7C7-67117DB2E61F}"
EndProject
Global
	GlobalSection(SolutionConfigurationPlatforms) = preSolution
		Debug|Any CPU = Debug|Any CPU
		Release|Any CPU = Release|Any CPU
	EndGlobalSection
	GlobalSection(ProjectConfigurationPlatforms) = postSolution
		{096BFEF2-FA16-4A4B-A7C7-67117DB2E61F}.Debug|Any CPU.ActiveCfg = Debug|Any CPU
		{096BFEF2-FA16-4A4B-A7C7-67117DB2E61F}.Debug|Any CPU.Build.0 = Debug|Any CPU
		{096BFEF2-FA16-4A4B-A7C7-67117DB2E61F}.Release|Any CPU.ActiveCfg = Release|Any CPU
		{096BFEF2-FA16-4A4B-A7C7-67117DB2E61F}.Release|Any CPU.Build.0 = Release|Any CPU
	EndGlobalSection
	GlobalSection(SolutionProperties) = preSolution
		HideSolutionNode = FALSE
	EndGlobalSection
	GlobalSection(ExtensibilityGlobals) = postSolution
		SolutionGuid = {72D67157-FDAF-486C-B6A2-A404E4945534}
	EndGlobalSection
EndGlobal
